{
    "_readme": [
        "This file locks the dependencies of your project to a known state",
        "Read more about it at https://getcomposer.org/doc/01-basic-usage.md#installing-dependencies",
        "This file is @generated automatically"
    ],
    "content-hash": "f75f44fb106d4b2a5f95989e8e08c3c2",
    "packages": [
        {
            "name": "donatj/phpuseragentparser",
            "version": "v0.7.0",
            "source": {
                "type": "git",
                "url": "https://github.com/donatj/PhpUserAgent.git",
                "reference": "73c819d4c7de034f1bfb7c7a36259192d7d7472a"
            },
            "dist": {
                "type": "zip",
                "url": "https://api.github.com/repos/donatj/PhpUserAgent/zipball/73c819d4c7de034f1bfb7c7a36259192d7d7472a",
                "reference": "73c819d4c7de034f1bfb7c7a36259192d7d7472a",
                "shasum": ""
            },
            "require": {
                "php": ">=5.3.0"
            },
            "require-dev": {
                "camspiers/json-pretty": "0.1.*",
                "donatj/drop": "*",
                "phpunit/phpunit": ">=4.8"
            },
            "type": "library",
            "autoload": {
                "files": [
                    "Source/UserAgentParser.php"
                ]
            },
            "notification-url": "https://packagist.org/downloads/",
            "license": [
                "MIT"
            ],
            "authors": [
                {
                    "name": "Jesse G. Donat",
                    "email": "donatj@gmail.com",
                    "homepage": "http://donatstudios.com",
                    "role": "Developer"
                }
            ],
            "description": "Simple, streamlined PHP user-agent parser",
            "homepage": "http://donatstudios.com/PHP-Parser-HTTP_USER_AGENT",
            "keywords": [
                "browser",
                "browser detection",
                "parser",
                "user agent",
                "useragent"
            ],
            "time": "2017-03-01T22:19:13+00:00"
        },
        {
            "name": "vijitcoder/kira",
            "version": "dev-development",
            "source": {
                "type": "git",
                "url": "https://github.com/VijitCoder/Kira.git",
                "reference": "bbc3301baabd2594f5629df39d4cbf321939c6e7"
            },
            "dist": {
                "type": "zip",
                "url": "https://api.github.com/repos/VijitCoder/Kira/zipball/bbc3301baabd2594f5629df39d4cbf321939c6e7",
                "reference": "bbc3301baabd2594f5629df39d4cbf321939c6e7",
                "shasum": ""
            },
            "require": {
                "donatj/phpuseragentparser": "^0.7.0",
                "php": ">=7.1"
            },
            "require-dev": {
                "mikey179/vfsstream": "^1.6",
                "phpunit/phpunit": "^5.6",
                "sami/sami": "^4.0"
            },
            "type": "library",
            "autoload": {
                "psr-4": {
                    "kira\\": "src/"
                },
                "classmap": [
                    "tests/traits/CallAsPublic.php",
                    "tests/traits/VfsGlob.php"
                ],
                "files": [
                    "src/bootstrap.php"
                ]
            },
            "notification-url": "https://packagist.org/downloads/",
            "license": [
                "MIT"
            ],
            "authors": [
                {
                    "name": "Vijit",
                    "email": "vijit@mail.ru",
                    "homepage": "https://waredom.ru",
                    "role": "Developer"
                }
            ],
            "description": "Kira. Simple web-engine",
            "keywords": [
                "kira",
                "web engine"
            ],
            "time": "2018-09-27T19:13:57+00:00"
        }
    ],
    "packages-dev": [],
    "aliases": [],
    "minimum-stability": "dev",
    "stability-flags": {
        "vijitcoder/kira": 20
    },
    "prefer-stable": false,
    "prefer-lowest": false,
    "platform": {
        "php": ">=5.4"
    },
    "platform-dev": []
}
